
Microsoft Visual Studio Solution File, Format Version 12.00
# Visual Studio Version 16
VisualStudioVersion = 16.0.30907.101
MinimumVisualStudioVersion = 10.0.40219.1
Project("{FAE04EC0-301F-11D3-BF4B-00C04F79EFBC}") = "CheapAwesome.API", "CheapAwesome.API.csproj", "{4AE2E973-CD2A-45A8-9BB6-CEC8FC96DCD5}"
EndProject
Project("{FAE04EC0-301F-11D3-BF4B-00C04F79EFBC}") = "CheapAwesome.Providers.BargainsForCouples", "..\CheapAwesome.Providers.BargainsForCouples\CheapAwesome.Providers.BargainsForCouples.csproj", "{07E4B980-785E-4A93-B2DD-EE6787EA4399}"
EndProject
Project("{9A19103F-16F7-4668-BE54-9A1E7A4F7556}") = "CheapAwesome.Providers.Base", "..\CheapAwesome.Providers.Base\CheapAwesome.Providers.Base.csproj", "{A9DE67FE-6A77-46BE-94C1-8A7E16A8BBD5}"
EndProject
Global
	GlobalSection(SolutionConfigurationPlatforms) = preSolution
		Debug|Any CPU = Debug|Any CPU
		Release|Any CPU = Release|Any CPU
	EndGlobalSection
	GlobalSection(ProjectConfigurationPlatforms) = postSolution
		{4AE2E973-CD2A-45A8-9BB6-CEC8FC96DCD5}.Debug|Any CPU.ActiveCfg = Debug|Any CPU
		{4AE2E973-CD2A-45A8-9BB6-CEC8FC96DCD5}.Debug|Any CPU.Build.0 = Debug|Any CPU
		{4AE2E973-CD2A-45A8-9BB6-CEC8FC96DCD5}.Release|Any CPU.ActiveCfg = Release|Any CPU
		{4AE2E973-CD2A-45A8-9BB6-CEC8FC96DCD5}.Release|Any CPU.Build.0 = Release|Any CPU
		{07E4B980-785E-4A93-B2DD-EE6787EA4399}.Debug|Any CPU.ActiveCfg = Debug|Any CPU
		{07E4B980-785E-4A93-B2DD-EE6787EA4399}.Debug|Any CPU.Build.0 = Debug|Any CPU
		{07E4B980-785E-4A93-B2DD-EE6787EA4399}.Release|Any CPU.ActiveCfg = Release|Any CPU
		{07E4B980-785E-4A93-B2DD-EE6787EA4399}.Release|Any CPU.Build.0 = Release|Any CPU
		{A9DE67FE-6A77-46BE-94C1-8A7E16A8BBD5}.Debug|Any CPU.ActiveCfg = Debug|Any CPU
		{A9DE67FE-6A77-46BE-94C1-8A7E16A8BBD5}.Debug|Any CPU.Build.0 = Debug|Any CPU
		{A9DE67FE-6A77-46BE-94C1-8A7E16A8BBD5}.Release|Any CPU.ActiveCfg = Release|Any CPU
		{A9DE67FE-6A77-46BE-94C1-8A7E16A8BBD5}.Release|Any CPU.Build.0 = Release|Any CPU
	EndGlobalSection
	GlobalSection(SolutionProperties) = preSolution
		HideSolutionNode = FALSE
	EndGlobalSection
	GlobalSection(ExtensibilityGlobals) = postSolution
		SolutionGuid = {8168AC23-0FF0-4F69-9F28-0A4C3940C4BB}
	EndGlobalSection
EndGlobal
